
Microsoft Visual Studio Solution File, Format Version 12.00
# Visual Studio Version 17
VisualStudioVersion = 17.4.33205.214
MinimumVisualStudioVersion = 10.0.40219.1
Project("{2150E333-8FDC-42A3-9474-1A3956D46DE8}") = "Solution Items", "Solution Items", "{AC28BA34-6CB3-4AF3-B02C-AD88A8D9A05D}"
	ProjectSection(SolutionItems) = preProject
		.gitignore = .gitignore
		Amarok.Diagnostics.sln.DotSettings = Amarok.Diagnostics.sln.DotSettings
		doc\Chrome Trace Event Format.pdf = doc\Chrome Trace Event Format.pdf
		Directory.Build.props = Directory.Build.props
		doc\File Format.txt = doc\File Format.txt
		global.json = global.json
		LICENSE = LICENSE
		.github\workflows\main.yml = .github\workflows\main.yml
		nuget.config = nuget.config
		README.md = README.md
		doc\Tracing Architecture.drawio = doc\Tracing Architecture.drawio
		_cleanup.cmd = _cleanup.cmd
		.editorconfig = .editorconfig
	EndProjectSection
EndProject
Project("{9A19103F-16F7-4668-BE54-9A1E7A4F7556}") = "Amarok.Diagnostics.Persistence.Tracing", "src\Amarok.Diagnostics.Persistence.Tracing\Amarok.Diagnostics.Persistence.Tracing.csproj", "{8E3BE646-0673-4FCD-B3A2-4C3E126213E4}"
EndProject
Project("{9A19103F-16F7-4668-BE54-9A1E7A4F7556}") = "Amarok.Diagnostics.Persistence.Tracing.Tests", "src\Amarok.Diagnostics.Persistence.Tracing.Tests\Amarok.Diagnostics.Persistence.Tracing.Tests.csproj", "{0CD910EA-4D0B-4AD7-B6F9-266E4676EE84}"
EndProject
Project("{9A19103F-16F7-4668-BE54-9A1E7A4F7556}") = "Amarok.Diagnostics.Persistence.OpenTelementry.Exporter", "src\Amarok.Diagnostics.Persistence.OpenTelementry.Exporter\Amarok.Diagnostics.Persistence.OpenTelementry.Exporter.csproj", "{E9DCDABE-8595-400A-A0BF-932A09B1097F}"
EndProject
Project("{9A19103F-16F7-4668-BE54-9A1E7A4F7556}") = "Amarok.Diagnostics.Persistence.OpenTelementry.Exporter.Tests", "src\Amarok.Diagnostics.Persistence.OpenTelementry.Exporter.Tests\Amarok.Diagnostics.Persistence.OpenTelementry.Exporter.Tests.csproj", "{12C4A3E1-1250-487A-BCD7-0DE90DA4DDCA}"
EndProject
Project("{9A19103F-16F7-4668-BE54-9A1E7A4F7556}") = "dotnet-adtx", "src\dotnet-adtx\dotnet-adtx.csproj", "{A6EEBCC1-0EC5-41F8-857C-931E73E6B21D}"
EndProject
Project("{9A19103F-16F7-4668-BE54-9A1E7A4F7556}") = "Amarok.Diagnostics.DebugApp", "src\Amarok.Diagnostics.DebugApp\Amarok.Diagnostics.DebugApp.csproj", "{D0C27BB8-050F-453A-9AD7-1639383BCA3D}"
EndProject
Global
	GlobalSection(SolutionConfigurationPlatforms) = preSolution
		Debug|Any CPU = Debug|Any CPU
		Release|Any CPU = Release|Any CPU
	EndGlobalSection
	GlobalSection(ProjectConfigurationPlatforms) = postSolution
		{8E3BE646-0673-4FCD-B3A2-4C3E126213E4}.Debug|Any CPU.ActiveCfg = Debug|Any CPU
		{8E3BE646-0673-4FCD-B3A2-4C3E126213E4}.Debug|Any CPU.Build.0 = Debug|Any CPU
		{8E3BE646-0673-4FCD-B3A2-4C3E126213E4}.Release|Any CPU.ActiveCfg = Release|Any CPU
		{8E3BE646-0673-4FCD-B3A2-4C3E126213E4}.Release|Any CPU.Build.0 = Release|Any CPU
		{0CD910EA-4D0B-4AD7-B6F9-266E4676EE84}.Debug|Any CPU.ActiveCfg = Debug|Any CPU
		{0CD910EA-4D0B-4AD7-B6F9-266E4676EE84}.Debug|Any CPU.Build.0 = Debug|Any CPU
		{0CD910EA-4D0B-4AD7-B6F9-266E4676EE84}.Release|Any CPU.ActiveCfg = Release|Any CPU
		{0CD910EA-4D0B-4AD7-B6F9-266E4676EE84}.Release|Any CPU.Build.0 = Release|Any CPU
		{E9DCDABE-8595-400A-A0BF-932A09B1097F}.Debug|Any CPU.ActiveCfg = Debug|Any CPU
		{E9DCDABE-8595-400A-A0BF-932A09B1097F}.Debug|Any CPU.Build.0 = Debug|Any CPU
		{E9DCDABE-8595-400A-A0BF-932A09B1097F}.Release|Any CPU.ActiveCfg = Release|Any CPU
		{E9DCDABE-8595-400A-A0BF-932A09B1097F}.Release|Any CPU.Build.0 = Release|Any CPU
		{12C4A3E1-1250-487A-BCD7-0DE90DA4DDCA}.Debug|Any CPU.ActiveCfg = Debug|Any CPU
		{12C4A3E1-1250-487A-BCD7-0DE90DA4DDCA}.Debug|Any CPU.Build.0 = Debug|Any CPU
		{12C4A3E1-1250-487A-BCD7-0DE90DA4DDCA}.Release|Any CPU.ActiveCfg = Release|Any CPU
		{12C4A3E1-1250-487A-BCD7-0DE90DA4DDCA}.Release|Any CPU.Build.0 = Release|Any CPU
		{A6EEBCC1-0EC5-41F8-857C-931E73E6B21D}.Debug|Any CPU.ActiveCfg = Debug|Any CPU
		{A6EEBCC1-0EC5-41F8-857C-931E73E6B21D}.Debug|Any CPU.Build.0 = Debug|Any CPU
		{A6EEBCC1-0EC5-41F8-857C-931E73E6B21D}.Release|Any CPU.ActiveCfg = Release|Any CPU
		{A6EEBCC1-0EC5-41F8-857C-931E73E6B21D}.Release|Any CPU.Build.0 = Release|Any CPU
		{D0C27BB8-050F-453A-9AD7-1639383BCA3D}.Debug|Any CPU.ActiveCfg = Debug|Any CPU
		{D0C27BB8-050F-453A-9AD7-1639383BCA3D}.Debug|Any CPU.Build.0 = Debug|Any CPU
		{D0C27BB8-050F-453A-9AD7-1639383BCA3D}.Release|Any CPU.ActiveCfg = Release|Any CPU
		{D0C27BB8-050F-453A-9AD7-1639383BCA3D}.Release|Any CPU.Build.0 = Release|Any CPU
	EndGlobalSection
	GlobalSection(SolutionProperties) = preSolution
		HideSolutionNode = FALSE
	EndGlobalSection
	GlobalSection(ExtensibilityGlobals) = postSolution
		SolutionGuid = {9AB9AA0E-57A5-4152-9BD6-FB2DADC24B23}
	EndGlobalSection
EndGlobal
